
Microsoft Visual Studio Solution File, Format Version 12.00
# Visual Studio 2013
VisualStudioVersion = 12.0.31101.0
MinimumVisualStudioVersion = 10.0.40219.1
Project("{FAE04EC0-301F-11D3-BF4B-00C04F79EFBC}") = "Presentation.Web", "Presentation.Web\Presentation.Web.csproj", "{2B953FAB-7F22-4884-9325-2A5C53519F3D}"
EndProject
Project("{FAE04EC0-301F-11D3-BF4B-00C04F79EFBC}") = "Core.DomainModel", "Core.DomainModel\Core.DomainModel.csproj", "{823928AD-3BB7-4FD8-831F-201D73B80AE0}"
EndProject
Project("{FAE04EC0-301F-11D3-BF4B-00C04F79EFBC}") = "Core.DomainServices", "Core.DomainServices\Core.DomainServices.csproj", "{3A54FD98-5ECF-47C1-98C1-D827CFEBA317}"
EndProject
Project("{FAE04EC0-301F-11D3-BF4B-00C04F79EFBC}") = "Core.ApplicationServices", "Core.ApplicationServices\Core.ApplicationServices.csproj", "{7FE59360-F8D1-441D-8A51-E521F22A3733}"
EndProject
Project("{2150E333-8FDC-42A3-9474-1A3956D46DE8}") = "Core", "Core", "{66BEC24C-076D-4933-9AE4-CBFD4E9519B0}"
EndProject
Project("{2150E333-8FDC-42A3-9474-1A3956D46DE8}") = "Infrastructure", "Infrastructure", "{A9413206-37FE-4261-9223-8E136288075E}"
EndProject
Project("{FAE04EC0-301F-11D3-BF4B-00C04F79EFBC}") = "Infrastructure.DataAccess", "Infrastructure.DataAccess\Infrastructure.DataAccess.csproj", "{9914DB94-E465-4751-939C-8121C30AC945}"
EndProject
Project("{2150E333-8FDC-42A3-9474-1A3956D46DE8}") = "Presentation", "Presentation", "{FDFE729E-3BDE-438D-ACD9-304D098919ED}"
EndProject
Project("{2150E333-8FDC-42A3-9474-1A3956D46DE8}") = ".nuget", ".nuget", "{754E1A47-B0C3-46CF-8070-688AAD7CA28E}"
	ProjectSection(SolutionItems) = preProject
		.nuget\NuGet.Config = .nuget\NuGet.Config
		.nuget\NuGet.exe = .nuget\NuGet.exe
		.nuget\NuGet.targets = .nuget\NuGet.targets
	EndProjectSection
EndProject
Project("{FAE04EC0-301F-11D3-BF4B-00C04F79EFBC}") = "Infrastructure.AddressServices", "Infrastructure.AddressServices\Infrastructure.AddressServices.csproj", "{720A3483-F089-4A45-830B-CED59F8CD1E7}"
EndProject
Project("{FAE04EC0-301F-11D3-BF4B-00C04F79EFBC}") = "ApplicationServices.Test", "ApplicationServices.Test\ApplicationServices.Test.csproj", "{B670D355-8423-4B20-8CBD-96404D8625B6}"
EndProject
Project("{FAE04EC0-301F-11D3-BF4B-00C04F79EFBC}") = "Presentation.Web.Test", "Presentation.Web.Test\Presentation.Web.Test.csproj", "{8A5EC991-4B8B-4D71-9051-8AE020695A62}"
EndProject
Project("{2150E333-8FDC-42A3-9474-1A3956D46DE8}") = "Solution Items", "Solution Items", "{EFB1501E-877D-4D4D-B810-9B75B376A065}"
	ProjectSection(SolutionItems) = preProject
		GenerateTestCoverage.bat = GenerateTestCoverage.bat
		Performance1.psess = Performance1.psess
		RunAllTests.bat = RunAllTests.bat
		RunApplicationServicesTests.bat = RunApplicationServicesTests.bat
		RunPresentationWebTests.bat = RunPresentationWebTests.bat
	EndProjectSection
EndProject
Project("{FAE04EC0-301F-11D3-BF4B-00C04F79EFBC}") = "Core.DmzModel", "Core.DmzModel\Core.DmzModel.csproj", "{108AF3EB-0B3F-4943-AEF2-DE847BFAE8A8}"
EndProject
Project("{FAE04EC0-301F-11D3-BF4B-00C04F79EFBC}") = "Infrastructure.DmzSync", "Infrastructure.DmzSync\Infrastructure.DmzSync.csproj", "{537CFCE9-FC15-46C0-A706-92CA40CF2C0C}"
EndProject
Project("{FAE04EC0-301F-11D3-BF4B-00C04F79EFBC}") = "Infrastructure.DmzDataAccess", "Infrastructure.DmzDataAccess\Infrastructure.DmzDataAccess.csproj", "{90A44ADF-5BCF-47B6-8DD7-F4E069F3942E}"
EndProject
Project("{2150E333-8FDC-42A3-9474-1A3956D46DE8}") = "ConsoleApplications", "ConsoleApplications", "{38A093DE-ECBD-4C54-9376-E71805D2C06B}"
EndProject
Project("{FAE04EC0-301F-11D3-BF4B-00C04F79EFBC}") = "Mail", "Mail\Mail.csproj", "{F0C6C478-3A6A-405C-A193-9C498250CF2E}"
EndProject
Project("{FAE04EC0-301F-11D3-BF4B-00C04F79EFBC}") = "Mail.Test", "ConsoleApplications.Test\Mail.Test.csproj", "{D375844E-3754-4B64-AB14-DBFB4CA9FE48}"
EndProject
Project("{FAE04EC0-301F-11D3-BF4B-00C04F79EFBC}") = "DBUpdater", "DBUpdater\DBUpdater.csproj", "{A7C2603A-669B-408D-842F-08DB1E08F166}"
EndProject
Project("{FAE04EC0-301F-11D3-BF4B-00C04F79EFBC}") = "DomainServices.Test", "DomainServices.Test\DomainServices.Test.csproj", "{68D912C8-DDF9-43BD-89AD-2F9612FB2B54}"
EndProject
Project("{FAE04EC0-301F-11D3-BF4B-00C04F79EFBC}") = "DBUpdater.Test", "DBUpdater.Test\DBUpdater.Test.csproj", "{51279FD1-B6BC-421E-B751-BC60781676A3}"
EndProject
Project("{FAE04EC0-301F-11D3-BF4B-00C04F79EFBC}") = "Infrastructure.AddressServices.Test", "Infrastructure.AddressServices.Test\Infrastructure.AddressServices.Test.csproj", "{5B3D69E4-AACF-42A6-95B1-23484E689346}"
EndProject
Project("{FAE04EC0-301F-11D3-BF4B-00C04F79EFBC}") = "DmzSync.Test", "DmzSync.Test\DmzSync.Test.csproj", "{2CA4B8F8-39E7-4286-B5A9-6429D37FDBE0}"
EndProject
Global
	GlobalSection(SolutionConfigurationPlatforms) = preSolution
		Debug|Any CPU = Debug|Any CPU
		Release|Any CPU = Release|Any CPU
	EndGlobalSection
	GlobalSection(ProjectConfigurationPlatforms) = postSolution
		{2B953FAB-7F22-4884-9325-2A5C53519F3D}.Debug|Any CPU.ActiveCfg = Debug|Any CPU
		{2B953FAB-7F22-4884-9325-2A5C53519F3D}.Debug|Any CPU.Build.0 = Debug|Any CPU
		{2B953FAB-7F22-4884-9325-2A5C53519F3D}.Release|Any CPU.ActiveCfg = Release|Any CPU
		{2B953FAB-7F22-4884-9325-2A5C53519F3D}.Release|Any CPU.Build.0 = Release|Any CPU
		{823928AD-3BB7-4FD8-831F-201D73B80AE0}.Debug|Any CPU.ActiveCfg = Debug|Any CPU
		{823928AD-3BB7-4FD8-831F-201D73B80AE0}.Debug|Any CPU.Build.0 = Debug|Any CPU
		{823928AD-3BB7-4FD8-831F-201D73B80AE0}.Release|Any CPU.ActiveCfg = Release|Any CPU
		{823928AD-3BB7-4FD8-831F-201D73B80AE0}.Release|Any CPU.Build.0 = Release|Any CPU
		{3A54FD98-5ECF-47C1-98C1-D827CFEBA317}.Debug|Any CPU.ActiveCfg = Debug|Any CPU
		{3A54FD98-5ECF-47C1-98C1-D827CFEBA317}.Debug|Any CPU.Build.0 = Debug|Any CPU
		{3A54FD98-5ECF-47C1-98C1-D827CFEBA317}.Release|Any CPU.ActiveCfg = Release|Any CPU
		{3A54FD98-5ECF-47C1-98C1-D827CFEBA317}.Release|Any CPU.Build.0 = Release|Any CPU
		{7FE59360-F8D1-441D-8A51-E521F22A3733}.Debug|Any CPU.ActiveCfg = Debug|Any CPU
		{7FE59360-F8D1-441D-8A51-E521F22A3733}.Debug|Any CPU.Build.0 = Debug|Any CPU
		{7FE59360-F8D1-441D-8A51-E521F22A3733}.Release|Any CPU.ActiveCfg = Release|Any CPU
		{7FE59360-F8D1-441D-8A51-E521F22A3733}.Release|Any CPU.Build.0 = Release|Any CPU
		{9914DB94-E465-4751-939C-8121C30AC945}.Debug|Any CPU.ActiveCfg = Debug|Any CPU
		{9914DB94-E465-4751-939C-8121C30AC945}.Debug|Any CPU.Build.0 = Debug|Any CPU
		{9914DB94-E465-4751-939C-8121C30AC945}.Release|Any CPU.ActiveCfg = Release|Any CPU
		{9914DB94-E465-4751-939C-8121C30AC945}.Release|Any CPU.Build.0 = Release|Any CPU
		{720A3483-F089-4A45-830B-CED59F8CD1E7}.Debug|Any CPU.ActiveCfg = Debug|Any CPU
		{720A3483-F089-4A45-830B-CED59F8CD1E7}.Debug|Any CPU.Build.0 = Debug|Any CPU
		{720A3483-F089-4A45-830B-CED59F8CD1E7}.Release|Any CPU.ActiveCfg = Release|Any CPU
		{720A3483-F089-4A45-830B-CED59F8CD1E7}.Release|Any CPU.Build.0 = Release|Any CPU
		{B670D355-8423-4B20-8CBD-96404D8625B6}.Debug|Any CPU.ActiveCfg = Debug|Any CPU
		{B670D355-8423-4B20-8CBD-96404D8625B6}.Debug|Any CPU.Build.0 = Debug|Any CPU
		{B670D355-8423-4B20-8CBD-96404D8625B6}.Release|Any CPU.ActiveCfg = Release|Any CPU
		{B670D355-8423-4B20-8CBD-96404D8625B6}.Release|Any CPU.Build.0 = Release|Any CPU
		{8A5EC991-4B8B-4D71-9051-8AE020695A62}.Debug|Any CPU.ActiveCfg = Debug|Any CPU
		{8A5EC991-4B8B-4D71-9051-8AE020695A62}.Debug|Any CPU.Build.0 = Debug|Any CPU
		{8A5EC991-4B8B-4D71-9051-8AE020695A62}.Release|Any CPU.ActiveCfg = Release|Any CPU
		{8A5EC991-4B8B-4D71-9051-8AE020695A62}.Release|Any CPU.Build.0 = Release|Any CPU
		{108AF3EB-0B3F-4943-AEF2-DE847BFAE8A8}.Debug|Any CPU.ActiveCfg = Debug|Any CPU
		{108AF3EB-0B3F-4943-AEF2-DE847BFAE8A8}.Debug|Any CPU.Build.0 = Debug|Any CPU
		{108AF3EB-0B3F-4943-AEF2-DE847BFAE8A8}.Release|Any CPU.ActiveCfg = Release|Any CPU
		{108AF3EB-0B3F-4943-AEF2-DE847BFAE8A8}.Release|Any CPU.Build.0 = Release|Any CPU
		{537CFCE9-FC15-46C0-A706-92CA40CF2C0C}.Debug|Any CPU.ActiveCfg = Debug|Any CPU
		{537CFCE9-FC15-46C0-A706-92CA40CF2C0C}.Debug|Any CPU.Build.0 = Debug|Any CPU
		{537CFCE9-FC15-46C0-A706-92CA40CF2C0C}.Release|Any CPU.ActiveCfg = Release|Any CPU
		{537CFCE9-FC15-46C0-A706-92CA40CF2C0C}.Release|Any CPU.Build.0 = Release|Any CPU
		{90A44ADF-5BCF-47B6-8DD7-F4E069F3942E}.Debug|Any CPU.ActiveCfg = Debug|Any CPU
		{90A44ADF-5BCF-47B6-8DD7-F4E069F3942E}.Debug|Any CPU.Build.0 = Debug|Any CPU
		{90A44ADF-5BCF-47B6-8DD7-F4E069F3942E}.Release|Any CPU.ActiveCfg = Release|Any CPU
		{90A44ADF-5BCF-47B6-8DD7-F4E069F3942E}.Release|Any CPU.Build.0 = Release|Any CPU
		{F0C6C478-3A6A-405C-A193-9C498250CF2E}.Debug|Any CPU.ActiveCfg = Debug|Any CPU
		{F0C6C478-3A6A-405C-A193-9C498250CF2E}.Debug|Any CPU.Build.0 = Debug|Any CPU
		{F0C6C478-3A6A-405C-A193-9C498250CF2E}.Release|Any CPU.ActiveCfg = Release|Any CPU
		{F0C6C478-3A6A-405C-A193-9C498250CF2E}.Release|Any CPU.Build.0 = Release|Any CPU
		{D375844E-3754-4B64-AB14-DBFB4CA9FE48}.Debug|Any CPU.ActiveCfg = Debug|Any CPU
		{D375844E-3754-4B64-AB14-DBFB4CA9FE48}.Debug|Any CPU.Build.0 = Debug|Any CPU
		{D375844E-3754-4B64-AB14-DBFB4CA9FE48}.Release|Any CPU.ActiveCfg = Release|Any CPU
		{D375844E-3754-4B64-AB14-DBFB4CA9FE48}.Release|Any CPU.Build.0 = Release|Any CPU
		{A7C2603A-669B-408D-842F-08DB1E08F166}.Debug|Any CPU.ActiveCfg = Debug|Any CPU
		{A7C2603A-669B-408D-842F-08DB1E08F166}.Debug|Any CPU.Build.0 = Debug|Any CPU
		{A7C2603A-669B-408D-842F-08DB1E08F166}.Release|Any CPU.ActiveCfg = Release|Any CPU
		{A7C2603A-669B-408D-842F-08DB1E08F166}.Release|Any CPU.Build.0 = Release|Any CPU
		{68D912C8-DDF9-43BD-89AD-2F9612FB2B54}.Debug|Any CPU.ActiveCfg = Debug|Any CPU
		{68D912C8-DDF9-43BD-89AD-2F9612FB2B54}.Debug|Any CPU.Build.0 = Debug|Any CPU
		{68D912C8-DDF9-43BD-89AD-2F9612FB2B54}.Release|Any CPU.ActiveCfg = Release|Any CPU
		{68D912C8-DDF9-43BD-89AD-2F9612FB2B54}.Release|Any CPU.Build.0 = Release|Any CPU
		{51279FD1-B6BC-421E-B751-BC60781676A3}.Debug|Any CPU.ActiveCfg = Debug|Any CPU
		{51279FD1-B6BC-421E-B751-BC60781676A3}.Debug|Any CPU.Build.0 = Debug|Any CPU
		{51279FD1-B6BC-421E-B751-BC60781676A3}.Release|Any CPU.ActiveCfg = Release|Any CPU
		{51279FD1-B6BC-421E-B751-BC60781676A3}.Release|Any CPU.Build.0 = Release|Any CPU
		{5B3D69E4-AACF-42A6-95B1-23484E689346}.Debug|Any CPU.ActiveCfg = Debug|Any CPU
		{5B3D69E4-AACF-42A6-95B1-23484E689346}.Debug|Any CPU.Build.0 = Debug|Any CPU
		{5B3D69E4-AACF-42A6-95B1-23484E689346}.Release|Any CPU.ActiveCfg = Release|Any CPU
		{5B3D69E4-AACF-42A6-95B1-23484E689346}.Release|Any CPU.Build.0 = Release|Any CPU
		{2CA4B8F8-39E7-4286-B5A9-6429D37FDBE0}.Debug|Any CPU.ActiveCfg = Debug|Any CPU
		{2CA4B8F8-39E7-4286-B5A9-6429D37FDBE0}.Debug|Any CPU.Build.0 = Debug|Any CPU
		{2CA4B8F8-39E7-4286-B5A9-6429D37FDBE0}.Release|Any CPU.ActiveCfg = Release|Any CPU
		{2CA4B8F8-39E7-4286-B5A9-6429D37FDBE0}.Release|Any CPU.Build.0 = Release|Any CPU
	EndGlobalSection
	GlobalSection(SolutionProperties) = preSolution
		HideSolutionNode = FALSE
	EndGlobalSection
	GlobalSection(NestedProjects) = preSolution
		{2B953FAB-7F22-4884-9325-2A5C53519F3D} = {FDFE729E-3BDE-438D-ACD9-304D098919ED}
		{823928AD-3BB7-4FD8-831F-201D73B80AE0} = {66BEC24C-076D-4933-9AE4-CBFD4E9519B0}
		{3A54FD98-5ECF-47C1-98C1-D827CFEBA317} = {66BEC24C-076D-4933-9AE4-CBFD4E9519B0}
		{7FE59360-F8D1-441D-8A51-E521F22A3733} = {66BEC24C-076D-4933-9AE4-CBFD4E9519B0}
		{9914DB94-E465-4751-939C-8121C30AC945} = {A9413206-37FE-4261-9223-8E136288075E}
		{720A3483-F089-4A45-830B-CED59F8CD1E7} = {A9413206-37FE-4261-9223-8E136288075E}
		{108AF3EB-0B3F-4943-AEF2-DE847BFAE8A8} = {66BEC24C-076D-4933-9AE4-CBFD4E9519B0}
		{537CFCE9-FC15-46C0-A706-92CA40CF2C0C} = {A9413206-37FE-4261-9223-8E136288075E}
		{90A44ADF-5BCF-47B6-8DD7-F4E069F3942E} = {A9413206-37FE-4261-9223-8E136288075E}
		{F0C6C478-3A6A-405C-A193-9C498250CF2E} = {38A093DE-ECBD-4C54-9376-E71805D2C06B}
		{A7C2603A-669B-408D-842F-08DB1E08F166} = {38A093DE-ECBD-4C54-9376-E71805D2C06B}
	EndGlobalSection
EndGlobal
